<Solution>
  <Project Path="JLogger/JLogger.csproj" />
  <Project Path="GENE.Basic/GENE.Basic.csproj" />
  <Project Path="GENE.CLI/GENE.CLI.csproj" />
  <Project Path="GENE.Flow/GENE.Flow.csproj" />
  <Project Path="GENE.JoeRoom/GENE.JoeRoom.csproj" />
  <Project Path="GENE/GENE.csproj" />
</Solution>
